PODS:
  - IZImagePicker (0.1.0):
    - TOCropViewController
  - TOCropViewController (2.0.7)

DEPENDENCIES:
  - IZImagePicker (from `../`)

EXTERNAL SOURCES:
  IZImagePicker:
    :path: ../

SPEC CHECKSUMS:
  IZImagePicker: 044242691ce60e69a48429b480c6413f794deb76
  TOCropViewController: cec24e4385929683b217d08bfdc8791975cddc04

PODFILE CHECKSUM: 8d3f51a56b891913e18bcbfe672b39850f4a4009

COCOAPODS: 1.1.0.rc.2
